
Microsoft Visual Studio Solution File, Format Version 12.00
# Visual Studio Version 16
VisualStudioVersion = 16.0.29123.88
MinimumVisualStudioVersion = 10.0.40219.1
Project("{FAE04EC0-301F-11D3-BF4B-00C04F79EFBC}") = "BattleCity", "BattleCity.csproj", "{7DF63970-7AA9-4C93-9F87-A02880D546D9}"
EndProject
Global
	GlobalSection(SolutionConfigurationPlatforms) = preSolution
		Debug|Any CPU = Debug|Any CPU
		Release|Any CPU = Release|Any CPU
	EndGlobalSection
	GlobalSection(ProjectConfigurationPlatforms) = postSolution
		{7DF63970-7AA9-4C93-9F87-A02880D546D9}.Debug|Any CPU.ActiveCfg = Debug|Any CPU
		{7DF63970-7AA9-4C93-9F87-A02880D546D9}.Debug|Any CPU.Build.0 = Debug|Any CPU
		{7DF63970-7AA9-4C93-9F87-A02880D546D9}.Release|Any CPU.ActiveCfg = Release|Any CPU
		{7DF63970-7AA9-4C93-9F87-A02880D546D9}.Release|Any CPU.Build.0 = Release|Any CPU
	EndGlobalSection
	GlobalSection(SolutionProperties) = preSolution
		HideSolutionNode = FALSE
	EndGlobalSection
	GlobalSection(ExtensibilityGlobals) = postSolution
		SolutionGuid = {5A5D87D3-7CD8-42C0-88F1-D06A5E932EA5}
	EndGlobalSection
EndGlobal
